Microsoft Visual Studio Solution File, Format Version 12.00
# Visual Studio Version 17
VisualStudioVersion = 17.5.2.0
MinimumVisualStudioVersion = 10.0.40219.1
Project("{FAE04EC0-301F-11D3-BF4B-00C04F79EFBC}") = "BlazorTest1", "BlazorTest1.csproj", "{A16B940D-F827-938C-B184-5952CE37F690}"
EndProject
Global
	GlobalSection(SolutionConfigurationPlatforms) = preSolution
		Debug|Any CPU = Debug|Any CPU
		Release|Any CPU = Release|Any CPU
	EndGlobalSection
	GlobalSection(ProjectConfigurationPlatforms) = postSolution
		{A16B940D-F827-938C-B184-5952CE37F690}.Debug|Any CPU.ActiveCfg = Debug|Any CPU
		{A16B940D-F827-938C-B184-5952CE37F690}.Debug|Any CPU.Build.0 = Debug|Any CPU
		{A16B940D-F827-938C-B184-5952CE37F690}.Release|Any CPU.ActiveCfg = Release|Any CPU
		{A16B940D-F827-938C-B184-5952CE37F690}.Release|Any CPU.Build.0 = Release|Any CPU
	EndGlobalSection
	GlobalSection(SolutionProperties) = preSolution
		HideSolutionNode = FALSE
	EndGlobalSection
	GlobalSection(ExtensibilityGlobals) = postSolution
		SolutionGuid = {5BDCC07D-7A67-493B-B8BE-240F0E87F96C}
	EndGlobalSection
EndGlobal
